
Microsoft Visual Studio Solution File, Format Version 12.00
# Visual Studio Version 17
VisualStudioVersion = 17.5.33530.505
MinimumVisualStudioVersion = 10.0.40219.1
Project("{9A19103F-16F7-4668-BE54-9A1E7A4F7556}") = "SEVEN.Rover.Console", "SEVEN.Rover\SEVEN.Rover.Console.csproj", "{A2F06749-29E3-45CE-98A4-EB8D45D57389}"
EndProject
Project("{2150E333-8FDC-42A3-9474-1A3956D46DE8}") = "SEVEN.Rover", "SEVEN.Rover", "{15DA66A8-BD0A-4A80-AA9D-4D971E5C1A06}"
EndProject
Project("{9A19103F-16F7-4668-BE54-9A1E7A4F7556}") = "SEVEN.Rover.Core", "SEVEN.Rover.Core\SEVEN.Rover.Core.csproj", "{4A10C11D-D0F5-4C31-8928-BCDFD6638943}"
EndProject
Project("{2150E333-8FDC-42A3-9474-1A3956D46DE8}") = "SEVEN.Relay", "SEVEN.Relay", "{FDDB3505-B16B-4B2A-B3C9-2E47E9D1D1DF}"
EndProject
Project("{2150E333-8FDC-42A3-9474-1A3956D46DE8}") = "SEVEN.MissionControl", "SEVEN.MissionControl", "{340100A6-225C-465D-B941-8E13F517233C}"
EndProject
Project("{9A19103F-16F7-4668-BE54-9A1E7A4F7556}") = "SEVEN.Relay.Service", "SEVEN.Relay.Service\SEVEN.Relay.Service.csproj", "{83471DBA-9743-43F7-95DA-69B756B02A32}"
EndProject
Project("{9A19103F-16F7-4668-BE54-9A1E7A4F7556}") = "SEVEN.MissionControl.API.Client", "SEVEN.MissionControl.API.Client\SEVEN.MissionControl.API.Client.csproj", "{27B4583A-95B8-49D7-ACBB-1D13D51E74AA}"
EndProject
Project("{2150E333-8FDC-42A3-9474-1A3956D46DE8}") = "SEVEN.Shared", "SEVEN.Shared", "{B9B9DD37-55CB-4346-95C0-DE6972C74802}"
EndProject
Project("{9A19103F-16F7-4668-BE54-9A1E7A4F7556}") = "SEVEN.Core", "SEVEN.Core\SEVEN.Core.csproj", "{45B3D189-FD8F-4FDA-9473-D2D335318723}"
EndProject
Project("{FAE04EC0-301F-11D3-BF4B-00C04F79EFBC}") = "SEVEN.MissionControl.Server", "SEVEN.MissionControl.Server\SEVEN.MissionControl.Server.csproj", "{453D4AC4-F2E2-47FC-9E5D-58354F5E6135}"
EndProject
Global
	GlobalSection(SolutionConfigurationPlatforms) = preSolution
		Debug|Any CPU = Debug|Any CPU
		Release|Any CPU = Release|Any CPU
	EndGlobalSection
	GlobalSection(ProjectConfigurationPlatforms) = postSolution
		{A2F06749-29E3-45CE-98A4-EB8D45D57389}.Debug|Any CPU.ActiveCfg = Debug|Any CPU
		{A2F06749-29E3-45CE-98A4-EB8D45D57389}.Debug|Any CPU.Build.0 = Debug|Any CPU
		{A2F06749-29E3-45CE-98A4-EB8D45D57389}.Release|Any CPU.ActiveCfg = Release|Any CPU
		{A2F06749-29E3-45CE-98A4-EB8D45D57389}.Release|Any CPU.Build.0 = Release|Any CPU
		{4A10C11D-D0F5-4C31-8928-BCDFD6638943}.Debug|Any CPU.ActiveCfg = Debug|Any CPU
		{4A10C11D-D0F5-4C31-8928-BCDFD6638943}.Debug|Any CPU.Build.0 = Debug|Any CPU
		{4A10C11D-D0F5-4C31-8928-BCDFD6638943}.Release|Any CPU.ActiveCfg = Release|Any CPU
		{4A10C11D-D0F5-4C31-8928-BCDFD6638943}.Release|Any CPU.Build.0 = Release|Any CPU
		{83471DBA-9743-43F7-95DA-69B756B02A32}.Debug|Any CPU.ActiveCfg = Debug|Any CPU
		{83471DBA-9743-43F7-95DA-69B756B02A32}.Debug|Any CPU.Build.0 = Debug|Any CPU
		{83471DBA-9743-43F7-95DA-69B756B02A32}.Release|Any CPU.ActiveCfg = Release|Any CPU
		{83471DBA-9743-43F7-95DA-69B756B02A32}.Release|Any CPU.Build.0 = Release|Any CPU
		{27B4583A-95B8-49D7-ACBB-1D13D51E74AA}.Debug|Any CPU.ActiveCfg = Debug|Any CPU
		{27B4583A-95B8-49D7-ACBB-1D13D51E74AA}.Debug|Any CPU.Build.0 = Debug|Any CPU
		{27B4583A-95B8-49D7-ACBB-1D13D51E74AA}.Release|Any CPU.ActiveCfg = Release|Any CPU
		{27B4583A-95B8-49D7-ACBB-1D13D51E74AA}.Release|Any CPU.Build.0 = Release|Any CPU
		{45B3D189-FD8F-4FDA-9473-D2D335318723}.Debug|Any CPU.ActiveCfg = Debug|Any CPU
		{45B3D189-FD8F-4FDA-9473-D2D335318723}.Debug|Any CPU.Build.0 = Debug|Any CPU
		{45B3D189-FD8F-4FDA-9473-D2D335318723}.Release|Any CPU.ActiveCfg = Release|Any CPU
		{45B3D189-FD8F-4FDA-9473-D2D335318723}.Release|Any CPU.Build.0 = Release|Any CPU
		{453D4AC4-F2E2-47FC-9E5D-58354F5E6135}.Debug|Any CPU.ActiveCfg = Debug|Any CPU
		{453D4AC4-F2E2-47FC-9E5D-58354F5E6135}.Debug|Any CPU.Build.0 = Debug|Any CPU
		{453D4AC4-F2E2-47FC-9E5D-58354F5E6135}.Release|Any CPU.ActiveCfg = Release|Any CPU
		{453D4AC4-F2E2-47FC-9E5D-58354F5E6135}.Release|Any CPU.Build.0 = Release|Any CPU
	EndGlobalSection
	GlobalSection(SolutionProperties) = preSolution
		HideSolutionNode = FALSE
	EndGlobalSection
	GlobalSection(NestedProjects) = preSolution
		{A2F06749-29E3-45CE-98A4-EB8D45D57389} = {15DA66A8-BD0A-4A80-AA9D-4D971E5C1A06}
		{4A10C11D-D0F5-4C31-8928-BCDFD6638943} = {15DA66A8-BD0A-4A80-AA9D-4D971E5C1A06}
		{83471DBA-9743-43F7-95DA-69B756B02A32} = {FDDB3505-B16B-4B2A-B3C9-2E47E9D1D1DF}
		{27B4583A-95B8-49D7-ACBB-1D13D51E74AA} = {340100A6-225C-465D-B941-8E13F517233C}
		{45B3D189-FD8F-4FDA-9473-D2D335318723} = {B9B9DD37-55CB-4346-95C0-DE6972C74802}
		{453D4AC4-F2E2-47FC-9E5D-58354F5E6135} = {340100A6-225C-465D-B941-8E13F517233C}
	EndGlobalSection
	GlobalSection(ExtensibilityGlobals) = postSolution
		SolutionGuid = {4F25484B-0F7F-4D40-AF16-60960452FD91}
	EndGlobalSection
EndGlobal
